
Microsoft Visual Studio Solution File, Format Version 12.00
# Visual Studio 15
VisualStudioVersion = 15.0.28010.2050
MinimumVisualStudioVersion = 10.0.40219.1
Project("{FAE04EC0-301F-11D3-BF4B-00C04F79EFBC}") = "Assembly-CSharp", "Assembly-CSharp.csproj", "{9A5FD2CE-90FC-DF7F-D24A-530EBBDF9FAD}"
EndProject
Project("{FAE04EC0-301F-11D3-BF4B-00C04F79EFBC}") = "Assembly-CSharp-firstpass", "Assembly-CSharp-firstpass.csproj", "{8CB54154-83EC-E0BF-879C-4190A54E9555}"
EndProject
Project("{FAE04EC0-301F-11D3-BF4B-00C04F79EFBC}") = "Assembly-CSharp-Editor-firstpass", "Assembly-CSharp-Editor-firstpass.csproj", "{7A5C9E85-7062-C92E-70D7-DC53FA5EB368}"
EndProject
Global
	GlobalSection(SolutionConfigurationPlatforms) = preSolution
		Debug|Any CPU = Debug|Any CPU
	EndGlobalSection
	GlobalSection(ProjectConfigurationPlatforms) = postSolution
		{9A5FD2CE-90FC-DF7F-D24A-530EBBDF9FAD}.Debug|Any CPU.ActiveCfg = Debug|Any CPU
		{9A5FD2CE-90FC-DF7F-D24A-530EBBDF9FAD}.Debug|Any CPU.Build.0 = Debug|Any CPU
		{8CB54154-83EC-E0BF-879C-4190A54E9555}.Debug|Any CPU.ActiveCfg = Debug|Any CPU
		{8CB54154-83EC-E0BF-879C-4190A54E9555}.Debug|Any CPU.Build.0 = Debug|Any CPU
		{7A5C9E85-7062-C92E-70D7-DC53FA5EB368}.Debug|Any CPU.ActiveCfg = Debug|Any CPU
		{7A5C9E85-7062-C92E-70D7-DC53FA5EB368}.Debug|Any CPU.Build.0 = Debug|Any CPU
	EndGlobalSection
	GlobalSection(SolutionProperties) = preSolution
		HideSolutionNode = FALSE
	EndGlobalSection
	GlobalSection(ExtensibilityGlobals) = postSolution
		SolutionGuid = {7315D199-7745-4767-A1CC-81EE29F1B0D8}
	EndGlobalSection
EndGlobal
